
Microsoft Visual Studio Solution File, Format Version 12.00
# Visual Studio 15
VisualStudioVersion = 15.0.26403.3
MinimumVisualStudioVersion = 10.0.40219.1
Project("{FAE04EC0-301F-11D3-BF4B-00C04F79EFBC}") = "Web", "Web\Web.csproj", "{8BBA3669-A048-410D-B73C-8509DD173CDB}"
EndProject
Project("{FAE04EC0-301F-11D3-BF4B-00C04F79EFBC}") = "Test.BusinessLogic", "Test.BusinessLogic\Test.BusinessLogic.csproj", "{A17BFFDA-AABB-4FAB-BFF7-BA424B7C312F}"
EndProject
Project("{FAE04EC0-301F-11D3-BF4B-00C04F79EFBC}") = "Test.DataAccess", "Test.DataAccess\Test.DataAccess.csproj", "{47967E36-8412-4EAB-A6BC-644DA2853BC1}"
EndProject
Project("{FAE04EC0-301F-11D3-BF4B-00C04F79EFBC}") = "Test.Common", "Test.Common\Test.Common.csproj", "{D9752987-164B-4B85-9F95-A66739EFB92F}"
EndProject
Global
	GlobalSection(SolutionConfigurationPlatforms) = preSolution
		Debug|Any CPU = Debug|Any CPU
		Release|Any CPU = Release|Any CPU
	EndGlobalSection
	GlobalSection(ProjectConfigurationPlatforms) = postSolution
		{8BBA3669-A048-410D-B73C-8509DD173CDB}.Debug|Any CPU.ActiveCfg = Debug|Any CPU
		{8BBA3669-A048-410D-B73C-8509DD173CDB}.Debug|Any CPU.Build.0 = Debug|Any CPU
		{8BBA3669-A048-410D-B73C-8509DD173CDB}.Release|Any CPU.ActiveCfg = Release|Any CPU
		{8BBA3669-A048-410D-B73C-8509DD173CDB}.Release|Any CPU.Build.0 = Release|Any CPU
		{A17BFFDA-AABB-4FAB-BFF7-BA424B7C312F}.Debug|Any CPU.ActiveCfg = Debug|Any CPU
		{A17BFFDA-AABB-4FAB-BFF7-BA424B7C312F}.Debug|Any CPU.Build.0 = Debug|Any CPU
		{A17BFFDA-AABB-4FAB-BFF7-BA424B7C312F}.Release|Any CPU.ActiveCfg = Release|Any CPU
		{A17BFFDA-AABB-4FAB-BFF7-BA424B7C312F}.Release|Any CPU.Build.0 = Release|Any CPU
		{47967E36-8412-4EAB-A6BC-644DA2853BC1}.Debug|Any CPU.ActiveCfg = Debug|Any CPU
		{47967E36-8412-4EAB-A6BC-644DA2853BC1}.Debug|Any CPU.Build.0 = Debug|Any CPU
		{47967E36-8412-4EAB-A6BC-644DA2853BC1}.Release|Any CPU.ActiveCfg = Release|Any CPU
		{47967E36-8412-4EAB-A6BC-644DA2853BC1}.Release|Any CPU.Build.0 = Release|Any CPU
		{D9752987-164B-4B85-9F95-A66739EFB92F}.Debug|Any CPU.ActiveCfg = Debug|Any CPU
		{D9752987-164B-4B85-9F95-A66739EFB92F}.Debug|Any CPU.Build.0 = Debug|Any CPU
		{D9752987-164B-4B85-9F95-A66739EFB92F}.Release|Any CPU.ActiveCfg = Release|Any CPU
		{D9752987-164B-4B85-9F95-A66739EFB92F}.Release|Any CPU.Build.0 = Release|Any CPU
	EndGlobalSection
	GlobalSection(SolutionProperties) = preSolution
		HideSolutionNode = FALSE
	EndGlobalSection
EndGlobal
